<?xml version="1.0" encoding="utf-8"?>
<Project ToolsVersion="4.0" xmlns="http://schemas.microsoft.com/developer/msbuild/2003">
  <ItemGroup>
    <Filter Include="Quelldateien">
      <UniqueIdentifier>{4FC737F1-C7A5-4376-A066-2A32D752A2FF}</UniqueIdentifier>
      <Extensions>cpp;c;cc;cxx;def;odl;idl;hpj;bat;asm;asmx</Extensions>
    </Filter>
    <Filter Include="Headerdateien">
      <UniqueIdentifier>{93995380-89BD-4b04-88EB-625FBE52EBFB}</UniqueIdentifier>
      <Extensions>h;hh;hpp;hxx;hm;inl;inc;ipp;xsd</Extensions>
    </Filter>
    <Filter Include="Ressourcendateien">
      <UniqueIdentifier>{67DA6AB6-F800-4c08-8B7A-83BB121AAD01}</UniqueIdentifier>
      <Extensions>rc;ico;cur;bmp;dlg;rc2;rct;bin;rgs;gif;jpg;jpeg;jpe;resx;tiff;tif;png;wav;mfcribbon-ms</Extensions>
    </Filter>
  </ItemGroup>
  <ItemGroup>
    <ClCompile Include="src\Application.cpp">
      <Filter>Quelldateien</Filter>
    </ClCompile>
    <ClCompile Include="src\EC_Demo.cpp">
      <Filter>Quelldateien</Filter>
    </ClCompile>
    <ClCompile Include="src\ImGuiLayer.cpp">
      <Filter>Quelldateien</Filter>
    </ClCompile>
    <ClCompile Include="src\Window.cpp">
      <Filter>Quelldateien</Filter>
    </ClCompile>
    <ClCompile Include="src\Rendering\Mesh.cpp">
      <Filter>Quelldateien</Filter>
    </ClCompile>
    <ClCompile Include="src\Rendering\Model.cpp">
      <Filter>Quelldateien</Filter>
    </ClCompile>
    <ClCompile Include="src\Rendering\Renderer.cpp">
      <Filter>Quelldateien</Filter>
    </ClCompile>
    <ClCompile Include="src\Rendering\Shader.cpp">
      <Filter>Quelldateien</Filter>
    </ClCompile>
    <ClCompile Include="libs\glad\src\glad.c">
      <Filter>Quelldateien</Filter>
    </ClCompile>
    <ClCompile Include="libs\glm\detail\glm.cpp">
      <Filter>Quelldateien</Filter>
    </ClCompile>
    <ClCompile Include="libs\imgui\imgui.cpp">
      <Filter>Quelldateien</Filter>
    </ClCompile>
    <ClCompile Include="libs\imgui\imgui_demo.cpp">
      <Filter>Quelldateien</Filter>
    </ClCompile>
    <ClCompile Include="libs\imgui\imgui_draw.cpp">
      <Filter>Quelldateien</Filter>
    </ClCompile>
    <ClCompile Include="libs\imgui\imgui_impl_opengl3.cpp">
      <Filter>Quelldateien</Filter>
    </ClCompile>
    <ClCompile Include="libs\imgui\imgui_widgets.cpp">
      <Filter>Quelldateien</Filter>
    </ClCompile>
    <ClCompile Include="src\EC\Entity.cpp">
      <Filter>Quelldateien</Filter>
    </ClCompile>
    <ClCompile Include="src\EC\ComponentClasses.cpp">
      <Filter>Quelldateien</Filter>
    </ClCompile>
  </ItemGroup>
  <ItemGroup>
    <ClInclude Include="src\Application.hpp">
      <Filter>Headerdateien</Filter>
    </ClInclude>
    <ClInclude Include="src\Color.hpp">
      <Filter>Headerdateien</Filter>
    </ClInclude>
    <ClInclude Include="src\ImGuiLayer.hpp">
      <Filter>Headerdateien</Filter>
    </ClInclude>
    <ClInclude Include="src\Keycode.hpp">
      <Filter>Headerdateien</Filter>
    </ClInclude>
    <ClInclude Include="src\Util.hpp">
      <Filter>Headerdateien</Filter>
    </ClInclude>
    <ClInclude Include="src\Window.hpp">
      <Filter>Headerdateien</Filter>
    </ClInclude>
    <ClInclude Include="src\Events\ApplicationEvent.hpp">
      <Filter>Headerdateien</Filter>
    </ClInclude>
    <ClInclude Include="src\Events\Event.hpp">
      <Filter>Headerdateien</Filter>
    </ClInclude>
    <ClInclude Include="src\Events\KeyEvent.hpp">
      <Filter>Headerdateien</Filter>
    </ClInclude>
    <ClInclude Include="src\Events\MouseEvent.hpp">
      <Filter>Headerdateien</Filter>
    </ClInclude>
    <ClInclude Include="src\Rendering\Mesh.hpp">
      <Filter>Headerdateien</Filter>
    </ClInclude>
    <ClInclude Include="src\Rendering\Model.hpp">
      <Filter>Headerdateien</Filter>
    </ClInclude>
    <ClInclude Include="src\Rendering\Renderer.hpp">
      <Filter>Headerdateien</Filter>
    </ClInclude>
    <ClInclude Include="src\Rendering\Shader.hpp">
      <Filter>Headerdateien</Filter>
    </ClInclude>
    <ClInclude Include="libs\assimp\include\assimp\Compiler\poppack1.h">
      <Filter>Headerdateien</Filter>
    </ClInclude>
    <ClInclude Include="libs\assimp\include\assimp\Compiler\pstdint.h">
      <Filter>Headerdateien</Filter>
    </ClInclude>
    <ClInclude Include="libs\assimp\include\assimp\Compiler\pushpack1.h">
      <Filter>Headerdateien</Filter>
    </ClInclude>
    <ClInclude Include="libs\assimp\include\assimp\port\AndroidJNI\AndroidJNIIOSystem.h">
      <Filter>Headerdateien</Filter>
    </ClInclude>
    <ClInclude Include="libs\assimp\include\assimp\ai_assert.h">
      <Filter>Headerdateien</Filter>
    </ClInclude>
    <ClInclude Include="libs\assimp\include\assimp\anim.h">
      <Filter>Headerdateien</Filter>
    </ClInclude>
    <ClInclude Include="libs\assimp\include\assimp\camera.h">
      <Filter>Headerdateien</Filter>
    </ClInclude>
    <ClInclude Include="libs\assimp\include\assimp\cexport.h">
      <Filter>Headerdateien</Filter>
    </ClInclude>
    <ClInclude Include="libs\assimp\include\assimp\cfileio.h">
      <Filter>Headerdateien</Filter>
    </ClInclude>
    <ClInclude Include="libs\assimp\include\assimp\cimport.h">
      <Filter>Headerdateien</Filter>
    </ClInclude>
    <ClInclude Include="libs\assimp\include\assimp\color4.h">
      <Filter>Headerdateien</Filter>
    </ClInclude>
    <ClInclude Include="libs\assimp\include\assimp\config.h">
      <Filter>Headerdateien</Filter>
    </ClInclude>
    <ClInclude Include="libs\assimp\include\assimp\DefaultIOStream.h">
      <Filter>Headerdateien</Filter>
    </ClInclude>
    <ClInclude Include="libs\assimp\include\assimp\DefaultIOSystem.h">
      <Filter>Headerdateien</Filter>
    </ClInclude>
    <ClInclude Include="libs\assimp\include\assimp\DefaultLogger.hpp">
      <Filter>Headerdateien</Filter>
    </ClInclude>
    <ClInclude Include="libs\assimp\include\assimp\Defines.h">
      <Filter>Headerdateien</Filter>
    </ClInclude>
    <ClInclude Include="libs\assimp\include\assimp\defs.h">
      <Filter>Headerdateien</Filter>
    </ClInclude>
    <ClInclude Include="libs\assimp\include\assimp\Exporter.hpp">
      <Filter>Headerdateien</Filter>
    </ClInclude>
    <ClInclude Include="libs\assimp\include\assimp\Importer.hpp">
      <Filter>Headerdateien</Filter>
    </ClInclude>
    <ClInclude Include="libs\assimp\include\assimp\importerdesc.h">
      <Filter>Headerdateien</Filter>
    </ClInclude>
    <ClInclude Include="libs\assimp\include\assimp\IOStream.hpp">
      <Filter>Headerdateien</Filter>
    </ClInclude>
    <ClInclude Include="libs\assimp\include\assimp\IOSystem.hpp">
      <Filter>Headerdateien</Filter>
    </ClInclude>
    <ClInclude Include="libs\assimp\include\assimp\light.h">
      <Filter>Headerdateien</Filter>
    </ClInclude>
    <ClInclude Include="libs\assimp\include\assimp\Logger.hpp">
      <Filter>Headerdateien</Filter>
    </ClInclude>
    <ClInclude Include="libs\assimp\include\assimp\LogStream.hpp">
      <Filter>Headerdateien</Filter>
    </ClInclude>
    <ClInclude Include="libs\assimp\include\assimp\material.h">
      <Filter>Headerdateien</Filter>
    </ClInclude>
    <ClInclude Include="libs\assimp\include\assimp\matrix3x3.h">
      <Filter>Headerdateien</Filter>
    </ClInclude>
    <ClInclude Include="libs\assimp\include\assimp\matrix4x4.h">
      <Filter>Headerdateien</Filter>
    </ClInclude>
    <ClInclude Include="libs\assimp\include\assimp\mesh.h">
      <Filter>Headerdateien</Filter>
    </ClInclude>
    <ClInclude Include="libs\assimp\include\assimp\metadata.h">
      <Filter>Headerdateien</Filter>
    </ClInclude>
    <ClInclude Include="libs\assimp\include\assimp\NullLogger.hpp">
      <Filter>Headerdateien</Filter>
    </ClInclude>
    <ClInclude Include="libs\assimp\include\assimp\postprocess.h">
      <Filter>Headerdateien</Filter>
    </ClInclude>
    <ClInclude Include="libs\assimp\include\assimp\ProgressHandler.hpp">
      <Filter>Headerdateien</Filter>
    </ClInclude>
    <ClInclude Include="libs\assimp\include\assimp\quaternion.h">
      <Filter>Headerdateien</Filter>
    </ClInclude>
    <ClInclude Include="libs\assimp\include\assimp\scene.h">
      <Filter>Headerdateien</Filter>
    </ClInclude>
    <ClInclude Include="libs\assimp\include\assimp\SceneCombiner.h">
      <Filter>Headerdateien</Filter>
    </ClInclude>
    <ClInclude Include="libs\assimp\include\assimp\texture.h">
      <Filter>Headerdateien</Filter>
    </ClInclude>
    <ClInclude Include="libs\assimp\include\assimp\types.h">
      <Filter>Headerdateien</Filter>
    </ClInclude>
    <ClInclude Include="libs\assimp\include\assimp\vector2.h">
      <Filter>Headerdateien</Filter>
    </ClInclude>
    <ClInclude Include="libs\assimp\include\assimp\vector3.h">
      <Filter>Headerdateien</Filter>
    </ClInclude>
    <ClInclude Include="libs\assimp\include\assimp\version.h">
      <Filter>Headerdateien</Filter>
    </ClInclude>
    <ClInclude Include="libs\glad\include\glad\glad.h">
      <Filter>Headerdateien</Filter>
    </ClInclude>
    <ClInclude Include="libs\glad\include\KHR\khrplatform.h">
      <Filter>Headerdateien</Filter>
    </ClInclude>
    <ClInclude Include="libs\GLFW\include\GLFW\glfw3.h">
      <Filter>Headerdateien</Filter>
    </ClInclude>
    <ClInclude Include="libs\GLFW\include\GLFW\glfw3native.h">
      <Filter>Headerdateien</Filter>
    </ClInclude>
    <ClInclude Include="libs\glm\detail\_features.hpp">
      <Filter>Headerdateien</Filter>
    </ClInclude>
    <ClInclude Include="libs\glm\detail\_fixes.hpp">
      <Filter>Headerdateien</Filter>
    </ClInclude>
    <ClInclude Include="libs\glm\detail\_noise.hpp">
      <Filter>Headerdateien</Filter>
    </ClInclude>
    <ClInclude Include="libs\glm\detail\_swizzle.hpp">
      <Filter>Headerdateien</Filter>
    </ClInclude>
    <ClInclude Include="libs\glm\detail\_swizzle_func.hpp">
      <Filter>Headerdateien</Filter>
    </ClInclude>
    <ClInclude Include="libs\glm\detail\_vectorize.hpp">
      <Filter>Headerdateien</Filter>
    </ClInclude>
    <ClInclude Include="libs\glm\detail\compute_common.hpp">
      <Filter>Headerdateien</Filter>
    </ClInclude>
    <ClInclude Include="libs\glm\detail\compute_vector_relational.hpp">
      <Filter>Headerdateien</Filter>
    </ClInclude>
    <ClInclude Include="libs\glm\detail\func_common.hpp">
      <Filter>Headerdateien</Filter>
    </ClInclude>
    <ClInclude Include="libs\glm\detail\func_exponential.hpp">
      <Filter>Headerdateien</Filter>
    </ClInclude>
    <ClInclude Include="libs\glm\detail\func_geometric.hpp">
      <Filter>Headerdateien</Filter>
    </ClInclude>
    <ClInclude Include="libs\glm\detail\func_integer.hpp">
      <Filter>Headerdateien</Filter>
    </ClInclude>
    <ClInclude Include="libs\glm\detail\func_matrix.hpp">
      <Filter>Headerdateien</Filter>
    </ClInclude>
    <ClInclude Include="libs\glm\detail\func_packing.hpp">
      <Filter>Headerdateien</Filter>
    </ClInclude>
    <ClInclude Include="libs\glm\detail\func_trigonometric.hpp">
      <Filter>Headerdateien</Filter>
    </ClInclude>
    <ClInclude Include="libs\glm\detail\func_vector_relational.hpp">
      <Filter>Headerdateien</Filter>
    </ClInclude>
    <ClInclude Include="libs\glm\detail\precision.hpp">
      <Filter>Headerdateien</Filter>
    </ClInclude>
    <ClInclude Include="libs\glm\detail\qualifier.hpp">
      <Filter>Headerdateien</Filter>
    </ClInclude>
    <ClInclude Include="libs\glm\detail\setup.hpp">
      <Filter>Headerdateien</Filter>
    </ClInclude>
    <ClInclude Include="libs\glm\detail\type_float.hpp">
      <Filter>Headerdateien</Filter>
    </ClInclude>
    <ClInclude Include="libs\glm\detail\type_gentype.hpp">
      <Filter>Headerdateien</Filter>
    </ClInclude>
    <ClInclude Include="libs\glm\detail\type_half.hpp">
      <Filter>Headerdateien</Filter>
    </ClInclude>
    <ClInclude Include="libs\glm\detail\type_int.hpp">
      <Filter>Headerdateien</Filter>
    </ClInclude>
    <ClInclude Include="libs\glm\detail\type_mat.hpp">
      <Filter>Headerdateien</Filter>
    </ClInclude>
    <ClInclude Include="libs\glm\detail\type_mat2x2.hpp">
      <Filter>Headerdateien</Filter>
    </ClInclude>
    <ClInclude Include="libs\glm\detail\type_mat2x3.hpp">
      <Filter>Headerdateien</Filter>
    </ClInclude>
    <ClInclude Include="libs\glm\detail\type_mat2x4.hpp">
      <Filter>Headerdateien</Filter>
    </ClInclude>
    <ClInclude Include="libs\glm\detail\type_mat3x2.hpp">
      <Filter>Headerdateien</Filter>
    </ClInclude>
    <ClInclude Include="libs\glm\detail\type_mat3x3.hpp">
      <Filter>Headerdateien</Filter>
    </ClInclude>
    <ClInclude Include="libs\glm\detail\type_mat3x4.hpp">
      <Filter>Headerdateien</Filter>
    </ClInclude>
    <ClInclude Include="libs\glm\detail\type_mat4x2.hpp">
      <Filter>Headerdateien</Filter>
    </ClInclude>
    <ClInclude Include="libs\glm\detail\type_mat4x3.hpp">
      <Filter>Headerdateien</Filter>
    </ClInclude>
    <ClInclude Include="libs\glm\detail\type_mat4x4.hpp">
      <Filter>Headerdateien</Filter>
    </ClInclude>
    <ClInclude Include="libs\glm\detail\type_quat.hpp">
      <Filter>Headerdateien</Filter>
    </ClInclude>
    <ClInclude Include="libs\glm\detail\type_vec.hpp">
      <Filter>Headerdateien</Filter>
    </ClInclude>
    <ClInclude Include="libs\glm\detail\type_vec1.hpp">
      <Filter>Headerdateien</Filter>
    </ClInclude>
    <ClInclude Include="libs\glm\detail\type_vec2.hpp">
      <Filter>Headerdateien</Filter>
    </ClInclude>
    <ClInclude Include="libs\glm\detail\type_vec3.hpp">
      <Filter>Headerdateien</Filter>
    </ClInclude>
    <ClInclude Include="libs\glm\detail\type_vec4.hpp">
      <Filter>Headerdateien</Filter>
    </ClInclude>
    <ClInclude Include="libs\glm\ext\matrix_clip_space.hpp">
      <Filter>Headerdateien</Filter>
    </ClInclude>
    <ClInclude Include="libs\glm\ext\matrix_double2x2.hpp">
      <Filter>Headerdateien</Filter>
    </ClInclude>
    <ClInclude Include="libs\glm\ext\matrix_double2x2_precision.hpp">
      <Filter>Headerdateien</Filter>
    </ClInclude>
    <ClInclude Include="libs\glm\ext\matrix_double2x3.hpp">
      <Filter>Headerdateien</Filter>
    </ClInclude>
    <ClInclude Include="libs\glm\ext\matrix_double2x3_precision.hpp">
      <Filter>Headerdateien</Filter>
    </ClInclude>
    <ClInclude Include="libs\glm\ext\matrix_double2x4.hpp">
      <Filter>Headerdateien</Filter>
    </ClInclude>
    <ClInclude Include="libs\glm\ext\matrix_double2x4_precision.hpp">
      <Filter>Headerdateien</Filter>
    </ClInclude>
    <ClInclude Include="libs\glm\ext\matrix_double3x2.hpp">
      <Filter>Headerdateien</Filter>
    </ClInclude>
    <ClInclude Include="libs\glm\ext\matrix_double3x2_precision.hpp">
      <Filter>Headerdateien</Filter>
    </ClInclude>
    <ClInclude Include="libs\glm\ext\matrix_double3x3.hpp">
      <Filter>Headerdateien</Filter>
    </ClInclude>
    <ClInclude Include="libs\glm\ext\matrix_double3x3_precision.hpp">
      <Filter>Headerdateien</Filter>
    </ClInclude>
    <ClInclude Include="libs\glm\ext\matrix_double3x4.hpp">
      <Filter>Headerdateien</Filter>
    </ClInclude>
    <ClInclude Include="libs\glm\ext\matrix_double3x4_precision.hpp">
      <Filter>Headerdateien</Filter>
    </ClInclude>
    <ClInclude Include="libs\glm\ext\matrix_double4x2.hpp">
      <Filter>Headerdateien</Filter>
    </ClInclude>
    <ClInclude Include="libs\glm\ext\matrix_double4x2_precision.hpp">
      <Filter>Headerdateien</Filter>
    </ClInclude>
    <ClInclude Include="libs\glm\ext\matrix_double4x3.hpp">
      <Filter>Headerdateien</Filter>
    </ClInclude>
    <ClInclude Include="libs\glm\ext\matrix_double4x3_precision.hpp">
      <Filter>Headerdateien</Filter>
    </ClInclude>
    <ClInclude Include="libs\glm\ext\matrix_double4x4.hpp">
      <Filter>Headerdateien</Filter>
    </ClInclude>
    <ClInclude Include="libs\glm\ext\matrix_double4x4_precision.hpp">
      <Filter>Headerdateien</Filter>
    </ClInclude>
    <ClInclude Include="libs\glm\ext\matrix_float2x2.hpp">
      <Filter>Headerdateien</Filter>
    </ClInclude>
    <ClInclude Include="libs\glm\ext\matrix_float2x2_precision.hpp">
      <Filter>Headerdateien</Filter>
    </ClInclude>
    <ClInclude Include="libs\glm\ext\matrix_float2x3.hpp">
      <Filter>Headerdateien</Filter>
    </ClInclude>
    <ClInclude Include="libs\glm\ext\matrix_float2x3_precision.hpp">
      <Filter>Headerdateien</Filter>
    </ClInclude>
    <ClInclude Include="libs\glm\ext\matrix_float2x4.hpp">
      <Filter>Headerdateien</Filter>
    </ClInclude>
    <ClInclude Include="libs\glm\ext\matrix_float2x4_precision.hpp">
      <Filter>Headerdateien</Filter>
    </ClInclude>
    <ClInclude Include="libs\glm\ext\matrix_float3x2.hpp">
      <Filter>Headerdateien</Filter>
    </ClInclude>
    <ClInclude Include="libs\glm\ext\matrix_float3x2_precision.hpp">
      <Filter>Headerdateien</Filter>
    </ClInclude>
    <ClInclude Include="libs\glm\ext\matrix_float3x3.hpp">
      <Filter>Headerdateien</Filter>
    </ClInclude>
    <ClInclude Include="libs\glm\ext\matrix_float3x3_precision.hpp">
      <Filter>Headerdateien</Filter>
    </ClInclude>
    <ClInclude Include="libs\glm\ext\matrix_float3x4.hpp">
      <Filter>Headerdateien</Filter>
    </ClInclude>
    <ClInclude Include="libs\glm\ext\matrix_float3x4_precision.hpp">
      <Filter>Headerdateien</Filter>
    </ClInclude>
    <ClInclude Include="libs\glm\ext\matrix_float4x2.hpp">
      <Filter>Headerdateien</Filter>
    </ClInclude>
    <ClInclude Include="libs\glm\ext\matrix_float4x2_precision.hpp">
      <Filter>Headerdateien</Filter>
    </ClInclude>
    <ClInclude Include="libs\glm\ext\matrix_float4x3.hpp">
      <Filter>Headerdateien</Filter>
    </ClInclude>
    <ClInclude Include="libs\glm\ext\matrix_float4x3_precision.hpp">
      <Filter>Headerdateien</Filter>
    </ClInclude>
    <ClInclude Include="libs\glm\ext\matrix_float4x4.hpp">
      <Filter>Headerdateien</Filter>
    </ClInclude>
    <ClInclude Include="libs\glm\ext\matrix_float4x4_precision.hpp">
      <Filter>Headerdateien</Filter>
    </ClInclude>
    <ClInclude Include="libs\glm\ext\matrix_projection.hpp">
      <Filter>Headerdateien</Filter>
    </ClInclude>
    <ClInclude Include="libs\glm\ext\matrix_relational.hpp">
      <Filter>Headerdateien</Filter>
    </ClInclude>
    <ClInclude Include="libs\glm\ext\matrix_transform.hpp">
      <Filter>Headerdateien</Filter>
    </ClInclude>
    <ClInclude Include="libs\glm\ext\quaternion_common.hpp">
      <Filter>Headerdateien</Filter>
    </ClInclude>
    <ClInclude Include="libs\glm\ext\quaternion_double.hpp">
      <Filter>Headerdateien</Filter>
    </ClInclude>
    <ClInclude Include="libs\glm\ext\quaternion_double_precision.hpp">
      <Filter>Headerdateien</Filter>
    </ClInclude>
    <ClInclude Include="libs\glm\ext\quaternion_exponential.hpp">
      <Filter>Headerdateien</Filter>
    </ClInclude>
    <ClInclude Include="libs\glm\ext\quaternion_float.hpp">
      <Filter>Headerdateien</Filter>
    </ClInclude>
    <ClInclude Include="libs\glm\ext\quaternion_float_precision.hpp">
      <Filter>Headerdateien</Filter>
    </ClInclude>
    <ClInclude Include="libs\glm\ext\quaternion_geometric.hpp">
      <Filter>Headerdateien</Filter>
    </ClInclude>
    <ClInclude Include="libs\glm\ext\quaternion_relational.hpp">
      <Filter>Headerdateien</Filter>
    </ClInclude>
    <ClInclude Include="libs\glm\ext\quaternion_transform.hpp">
      <Filter>Headerdateien</Filter>
    </ClInclude>
    <ClInclude Include="libs\glm\ext\quaternion_trigonometric.hpp">
      <Filter>Headerdateien</Filter>
    </ClInclude>
    <ClInclude Include="libs\glm\ext\scalar_common.hpp">
      <Filter>Headerdateien</Filter>
    </ClInclude>
    <ClInclude Include="libs\glm\ext\scalar_constants.hpp">
      <Filter>Headerdateien</Filter>
    </ClInclude>
    <ClInclude Include="libs\glm\ext\scalar_int_sized.hpp">
      <Filter>Headerdateien</Filter>
    </ClInclude>
    <ClInclude Include="libs\glm\ext\scalar_relational.hpp">
      <Filter>Headerdateien</Filter>
    </ClInclude>
    <ClInclude Include="libs\glm\ext\scalar_uint_sized.hpp">
      <Filter>Headerdateien</Filter>
    </ClInclude>
    <ClInclude Include="libs\glm\ext\scalar_ulp.hpp">
      <Filter>Headerdateien</Filter>
    </ClInclude>
    <ClInclude Include="libs\glm\ext\vector_bool1.hpp">
      <Filter>Headerdateien</Filter>
    </ClInclude>
    <ClInclude Include="libs\glm\ext\vector_bool1_precision.hpp">
      <Filter>Headerdateien</Filter>
    </ClInclude>
    <ClInclude Include="libs\glm\ext\vector_bool2.hpp">
      <Filter>Headerdateien</Filter>
    </ClInclude>
    <ClInclude Include="libs\glm\ext\vector_bool2_precision.hpp">
      <Filter>Headerdateien</Filter>
    </ClInclude>
    <ClInclude Include="libs\glm\ext\vector_bool3.hpp">
      <Filter>Headerdateien</Filter>
    </ClInclude>
    <ClInclude Include="libs\glm\ext\vector_bool3_precision.hpp">
      <Filter>Headerdateien</Filter>
    </ClInclude>
    <ClInclude Include="libs\glm\ext\vector_bool4.hpp">
      <Filter>Headerdateien</Filter>
    </ClInclude>
    <ClInclude Include="libs\glm\ext\vector_bool4_precision.hpp">
      <Filter>Headerdateien</Filter>
    </ClInclude>
    <ClInclude Include="libs\glm\ext\vector_common.hpp">
      <Filter>Headerdateien</Filter>
    </ClInclude>
    <ClInclude Include="libs\glm\ext\vector_double1.hpp">
      <Filter>Headerdateien</Filter>
    </ClInclude>
    <ClInclude Include="libs\glm\ext\vector_double1_precision.hpp">
      <Filter>Headerdateien</Filter>
    </ClInclude>
    <ClInclude Include="libs\glm\ext\vector_double2.hpp">
      <Filter>Headerdateien</Filter>
    </ClInclude>
    <ClInclude Include="libs\glm\ext\vector_double2_precision.hpp">
      <Filter>Headerdateien</Filter>
    </ClInclude>
    <ClInclude Include="libs\glm\ext\vector_double3.hpp">
      <Filter>Headerdateien</Filter>
    </ClInclude>
    <ClInclude Include="libs\glm\ext\vector_double3_precision.hpp">
      <Filter>Headerdateien</Filter>
    </ClInclude>
    <ClInclude Include="libs\glm\ext\vector_double4.hpp">
      <Filter>Headerdateien</Filter>
    </ClInclude>
    <ClInclude Include="libs\glm\ext\vector_double4_precision.hpp">
      <Filter>Headerdateien</Filter>
    </ClInclude>
    <ClInclude Include="libs\glm\ext\vector_float1.hpp">
      <Filter>Headerdateien</Filter>
    </ClInclude>
    <ClInclude Include="libs\glm\ext\vector_float1_precision.hpp">
      <Filter>Headerdateien</Filter>
    </ClInclude>
    <ClInclude Include="libs\glm\ext\vector_float2.hpp">
      <Filter>Headerdateien</Filter>
    </ClInclude>
    <ClInclude Include="libs\glm\ext\vector_float2_precision.hpp">
      <Filter>Headerdateien</Filter>
    </ClInclude>
    <ClInclude Include="libs\glm\ext\vector_float3.hpp">
      <Filter>Headerdateien</Filter>
    </ClInclude>
    <ClInclude Include="libs\glm\ext\vector_float3_precision.hpp">
      <Filter>Headerdateien</Filter>
    </ClInclude>
    <ClInclude Include="libs\glm\ext\vector_float4.hpp">
      <Filter>Headerdateien</Filter>
    </ClInclude>
    <ClInclude Include="libs\glm\ext\vector_float4_precision.hpp">
      <Filter>Headerdateien</Filter>
    </ClInclude>
    <ClInclude Include="libs\glm\ext\vector_int1.hpp">
      <Filter>Headerdateien</Filter>
    </ClInclude>
    <ClInclude Include="libs\glm\ext\vector_int1_precision.hpp">
      <Filter>Headerdateien</Filter>
    </ClInclude>
    <ClInclude Include="libs\glm\ext\vector_int2.hpp">
      <Filter>Headerdateien</Filter>
    </ClInclude>
    <ClInclude Include="libs\glm\ext\vector_int2_precision.hpp">
      <Filter>Headerdateien</Filter>
    </ClInclude>
    <ClInclude Include="libs\glm\ext\vector_int3.hpp">
      <Filter>Headerdateien</Filter>
    </ClInclude>
    <ClInclude Include="libs\glm\ext\vector_int3_precision.hpp">
      <Filter>Headerdateien</Filter>
    </ClInclude>
    <ClInclude Include="libs\glm\ext\vector_int4.hpp">
      <Filter>Headerdateien</Filter>
    </ClInclude>
    <ClInclude Include="libs\glm\ext\vector_int4_precision.hpp">
      <Filter>Headerdateien</Filter>
    </ClInclude>
    <ClInclude Include="libs\glm\ext\vector_relational.hpp">
      <Filter>Headerdateien</Filter>
    </ClInclude>
    <ClInclude Include="libs\glm\ext\vector_uint1.hpp">
      <Filter>Headerdateien</Filter>
    </ClInclude>
    <ClInclude Include="libs\glm\ext\vector_uint1_precision.hpp">
      <Filter>Headerdateien</Filter>
    </ClInclude>
    <ClInclude Include="libs\glm\ext\vector_uint2.hpp">
      <Filter>Headerdateien</Filter>
    </ClInclude>
    <ClInclude Include="libs\glm\ext\vector_uint2_precision.hpp">
      <Filter>Headerdateien</Filter>
    </ClInclude>
    <ClInclude Include="libs\glm\ext\vector_uint3.hpp">
      <Filter>Headerdateien</Filter>
    </ClInclude>
    <ClInclude Include="libs\glm\ext\vector_uint3_precision.hpp">
      <Filter>Headerdateien</Filter>
    </ClInclude>
    <ClInclude Include="libs\glm\ext\vector_uint4.hpp">
      <Filter>Headerdateien</Filter>
    </ClInclude>
    <ClInclude Include="libs\glm\ext\vector_uint4_precision.hpp">
      <Filter>Headerdateien</Filter>
    </ClInclude>
    <ClInclude Include="libs\glm\ext\vector_ulp.hpp">
      <Filter>Headerdateien</Filter>
    </ClInclude>
    <ClInclude Include="libs\glm\gtc\bitfield.hpp">
      <Filter>Headerdateien</Filter>
    </ClInclude>
    <ClInclude Include="libs\glm\gtc\color_space.hpp">
      <Filter>Headerdateien</Filter>
    </ClInclude>
    <ClInclude Include="libs\glm\gtc\constants.hpp">
      <Filter>Headerdateien</Filter>
    </ClInclude>
    <ClInclude Include="libs\glm\gtc\epsilon.hpp">
      <Filter>Headerdateien</Filter>
    </ClInclude>
    <ClInclude Include="libs\glm\gtc\functions.hpp">
      <Filter>Headerdateien</Filter>
    </ClInclude>
    <ClInclude Include="libs\glm\gtc\integer.hpp">
      <Filter>Headerdateien</Filter>
    </ClInclude>
    <ClInclude Include="libs\glm\gtc\matrix_access.hpp">
      <Filter>Headerdateien</Filter>
    </ClInclude>
    <ClInclude Include="libs\glm\gtc\matrix_integer.hpp">
      <Filter>Headerdateien</Filter>
    </ClInclude>
    <ClInclude Include="libs\glm\gtc\matrix_inverse.hpp">
      <Filter>Headerdateien</Filter>
    </ClInclude>
    <ClInclude Include="libs\glm\gtc\matrix_transform.hpp">
      <Filter>Headerdateien</Filter>
    </ClInclude>
    <ClInclude Include="libs\glm\gtc\noise.hpp">
      <Filter>Headerdateien</Filter>
    </ClInclude>
    <ClInclude Include="libs\glm\gtc\packing.hpp">
      <Filter>Headerdateien</Filter>
    </ClInclude>
    <ClInclude Include="libs\glm\gtc\quaternion.hpp">
      <Filter>Headerdateien</Filter>
    </ClInclude>
    <ClInclude Include="libs\glm\gtc\random.hpp">
      <Filter>Headerdateien</Filter>
    </ClInclude>
    <ClInclude Include="libs\glm\gtc\reciprocal.hpp">
      <Filter>Headerdateien</Filter>
    </ClInclude>
    <ClInclude Include="libs\glm\gtc\round.hpp">
      <Filter>Headerdateien</Filter>
    </ClInclude>
    <ClInclude Include="libs\glm\gtc\type_aligned.hpp">
      <Filter>Headerdateien</Filter>
    </ClInclude>
    <ClInclude Include="libs\glm\gtc\type_precision.hpp">
      <Filter>Headerdateien</Filter>
    </ClInclude>
    <ClInclude Include="libs\glm\gtc\type_ptr.hpp">
      <Filter>Headerdateien</Filter>
    </ClInclude>
    <ClInclude Include="libs\glm\gtc\ulp.hpp">
      <Filter>Headerdateien</Filter>
    </ClInclude>
    <ClInclude Include="libs\glm\gtc\vec1.hpp">
      <Filter>Headerdateien</Filter>
    </ClInclude>
    <ClInclude Include="libs\glm\gtx\associated_min_max.hpp">
      <Filter>Headerdateien</Filter>
    </ClInclude>
    <ClInclude Include="libs\glm\gtx\bit.hpp">
      <Filter>Headerdateien</Filter>
    </ClInclude>
    <ClInclude Include="libs\glm\gtx\closest_point.hpp">
      <Filter>Headerdateien</Filter>
    </ClInclude>
    <ClInclude Include="libs\glm\gtx\color_encoding.hpp">
      <Filter>Headerdateien</Filter>
    </ClInclude>
    <ClInclude Include="libs\glm\gtx\color_space.hpp">
      <Filter>Headerdateien</Filter>
    </ClInclude>
    <ClInclude Include="libs\glm\gtx\color_space_YCoCg.hpp">
      <Filter>Headerdateien</Filter>
    </ClInclude>
    <ClInclude Include="libs\glm\gtx\common.hpp">
      <Filter>Headerdateien</Filter>
    </ClInclude>
    <ClInclude Include="libs\glm\gtx\compatibility.hpp">
      <Filter>Headerdateien</Filter>
    </ClInclude>
    <ClInclude Include="libs\glm\gtx\component_wise.hpp">
      <Filter>Headerdateien</Filter>
    </ClInclude>
    <ClInclude Include="libs\glm\gtx\dual_quaternion.hpp">
      <Filter>Headerdateien</Filter>
    </ClInclude>
    <ClInclude Include="libs\glm\gtx\easing.hpp">
      <Filter>Headerdateien</Filter>
    </ClInclude>
    <ClInclude Include="libs\glm\gtx\euler_angles.hpp">
      <Filter>Headerdateien</Filter>
    </ClInclude>
    <ClInclude Include="libs\glm\gtx\extend.hpp">
      <Filter>Headerdateien</Filter>
    </ClInclude>
    <ClInclude Include="libs\glm\gtx\extended_min_max.hpp">
      <Filter>Headerdateien</Filter>
    </ClInclude>
    <ClInclude Include="libs\glm\gtx\exterior_product.hpp">
      <Filter>Headerdateien</Filter>
    </ClInclude>
    <ClInclude Include="libs\glm\gtx\fast_exponential.hpp">
      <Filter>Headerdateien</Filter>
    </ClInclude>
    <ClInclude Include="libs\glm\gtx\fast_square_root.hpp">
      <Filter>Headerdateien</Filter>
    </ClInclude>
    <ClInclude Include="libs\glm\gtx\fast_trigonometry.hpp">
      <Filter>Headerdateien</Filter>
    </ClInclude>
    <ClInclude Include="libs\glm\gtx\functions.hpp">
      <Filter>Headerdateien</Filter>
    </ClInclude>
    <ClInclude Include="libs\glm\gtx\gradient_paint.hpp">
      <Filter>Headerdateien</Filter>
    </ClInclude>
    <ClInclude Include="libs\glm\gtx\handed_coordinate_space.hpp">
      <Filter>Headerdateien</Filter>
    </ClInclude>
    <ClInclude Include="libs\glm\gtx\hash.hpp">
      <Filter>Headerdateien</Filter>
    </ClInclude>
    <ClInclude Include="libs\glm\gtx\integer.hpp">
      <Filter>Headerdateien</Filter>
    </ClInclude>
    <ClInclude Include="libs\glm\gtx\intersect.hpp">
      <Filter>Headerdateien</Filter>
    </ClInclude>
    <ClInclude Include="libs\glm\gtx\io.hpp">
      <Filter>Headerdateien</Filter>
    </ClInclude>
    <ClInclude Include="libs\glm\gtx\log_base.hpp">
      <Filter>Headerdateien</Filter>
    </ClInclude>
    <ClInclude Include="libs\glm\gtx\matrix_cross_product.hpp">
      <Filter>Headerdateien</Filter>
    </ClInclude>
    <ClInclude Include="libs\glm\gtx\matrix_decompose.hpp">
      <Filter>Headerdateien</Filter>
    </ClInclude>
    <ClInclude Include="libs\glm\gtx\matrix_factorisation.hpp">
      <Filter>Headerdateien</Filter>
    </ClInclude>
    <ClInclude Include="libs\glm\gtx\matrix_interpolation.hpp">
      <Filter>Headerdateien</Filter>
    </ClInclude>
    <ClInclude Include="libs\glm\gtx\matrix_major_storage.hpp">
      <Filter>Headerdateien</Filter>
    </ClInclude>
    <ClInclude Include="libs\glm\gtx\matrix_operation.hpp">
      <Filter>Headerdateien</Filter>
    </ClInclude>
    <ClInclude Include="libs\glm\gtx\matrix_query.hpp">
      <Filter>Headerdateien</Filter>
    </ClInclude>
    <ClInclude Include="libs\glm\gtx\matrix_transform_2d.hpp">
      <Filter>Headerdateien</Filter>
    </ClInclude>
    <ClInclude Include="libs\glm\gtx\mixed_product.hpp">
      <Filter>Headerdateien</Filter>
    </ClInclude>
    <ClInclude Include="libs\glm\gtx\norm.hpp">
      <Filter>Headerdateien</Filter>
    </ClInclude>
    <ClInclude Include="libs\glm\gtx\normal.hpp">
      <Filter>Headerdateien</Filter>
    </ClInclude>
    <ClInclude Include="libs\glm\gtx\normalize_dot.hpp">
      <Filter>Headerdateien</Filter>
    </ClInclude>
    <ClInclude Include="libs\glm\gtx\number_precision.hpp">
      <Filter>Headerdateien</Filter>
    </ClInclude>
    <ClInclude Include="libs\glm\gtx\optimum_pow.hpp">
      <Filter>Headerdateien</Filter>
    </ClInclude>
    <ClInclude Include="libs\glm\gtx\orthonormalize.hpp">
      <Filter>Headerdateien</Filter>
    </ClInclude>
    <ClInclude Include="libs\glm\gtx\perpendicular.hpp">
      <Filter>Headerdateien</Filter>
    </ClInclude>
    <ClInclude Include="libs\glm\gtx\polar_coordinates.hpp">
      <Filter>Headerdateien</Filter>
    </ClInclude>
    <ClInclude Include="libs\glm\gtx\projection.hpp">
      <Filter>Headerdateien</Filter>
    </ClInclude>
    <ClInclude Include="libs\glm\gtx\quaternion.hpp">
      <Filter>Headerdateien</Filter>
    </ClInclude>
    <ClInclude Include="libs\glm\gtx\range.hpp">
      <Filter>Headerdateien</Filter>
    </ClInclude>
    <ClInclude Include="libs\glm\gtx\raw_data.hpp">
      <Filter>Headerdateien</Filter>
    </ClInclude>
    <ClInclude Include="libs\glm\gtx\rotate_normalized_axis.hpp">
      <Filter>Headerdateien</Filter>
    </ClInclude>
    <ClInclude Include="libs\glm\gtx\rotate_vector.hpp">
      <Filter>Headerdateien</Filter>
    </ClInclude>
    <ClInclude Include="libs\glm\gtx\scalar_multiplication.hpp">
      <Filter>Headerdateien</Filter>
    </ClInclude>
    <ClInclude Include="libs\glm\gtx\scalar_relational.hpp">
      <Filter>Headerdateien</Filter>
    </ClInclude>
    <ClInclude Include="libs\glm\gtx\spline.hpp">
      <Filter>Headerdateien</Filter>
    </ClInclude>
    <ClInclude Include="libs\glm\gtx\std_based_type.hpp">
      <Filter>Headerdateien</Filter>
    </ClInclude>
    <ClInclude Include="libs\glm\gtx\string_cast.hpp">
      <Filter>Headerdateien</Filter>
    </ClInclude>
    <ClInclude Include="libs\glm\gtx\texture.hpp">
      <Filter>Headerdateien</Filter>
    </ClInclude>
    <ClInclude Include="libs\glm\gtx\transform.hpp">
      <Filter>Headerdateien</Filter>
    </ClInclude>
    <ClInclude Include="libs\glm\gtx\transform2.hpp">
      <Filter>Headerdateien</Filter>
    </ClInclude>
    <ClInclude Include="libs\glm\gtx\type_aligned.hpp">
      <Filter>Headerdateien</Filter>
    </ClInclude>
    <ClInclude Include="libs\glm\gtx\type_trait.hpp">
      <Filter>Headerdateien</Filter>
    </ClInclude>
    <ClInclude Include="libs\glm\gtx\vec_swizzle.hpp">
      <Filter>Headerdateien</Filter>
    </ClInclude>
    <ClInclude Include="libs\glm\gtx\vector_angle.hpp">
      <Filter>Headerdateien</Filter>
    </ClInclude>
    <ClInclude Include="libs\glm\gtx\vector_query.hpp">
      <Filter>Headerdateien</Filter>
    </ClInclude>
    <ClInclude Include="libs\glm\gtx\wrap.hpp">
      <Filter>Headerdateien</Filter>
    </ClInclude>
    <ClInclude Include="libs\glm\simd\common.h">
      <Filter>Headerdateien</Filter>
    </ClInclude>
    <ClInclude Include="libs\glm\simd\exponential.h">
      <Filter>Headerdateien</Filter>
    </ClInclude>
    <ClInclude Include="libs\glm\simd\geometric.h">
      <Filter>Headerdateien</Filter>
    </ClInclude>
    <ClInclude Include="libs\glm\simd\integer.h">
      <Filter>Headerdateien</Filter>
    </ClInclude>
    <ClInclude Include="libs\glm\simd\matrix.h">
      <Filter>Headerdateien</Filter>
    </ClInclude>
    <ClInclude Include="libs\glm\simd\packing.h">
      <Filter>Headerdateien</Filter>
    </ClInclude>
    <ClInclude Include="libs\glm\simd\platform.h">
      <Filter>Headerdateien</Filter>
    </ClInclude>
    <ClInclude Include="libs\glm\simd\trigonometric.h">
      <Filter>Headerdateien</Filter>
    </ClInclude>
    <ClInclude Include="libs\glm\simd\vector_relational.h">
      <Filter>Headerdateien</Filter>
    </ClInclude>
    <ClInclude Include="libs\glm\common.hpp">
      <Filter>Headerdateien</Filter>
    </ClInclude>
    <ClInclude Include="libs\glm\exponential.hpp">
      <Filter>Headerdateien</Filter>
    </ClInclude>
    <ClInclude Include="libs\glm\ext.hpp">
      <Filter>Headerdateien</Filter>
    </ClInclude>
    <ClInclude Include="libs\glm\fwd.hpp">
      <Filter>Headerdateien</Filter>
    </ClInclude>
    <ClInclude Include="libs\glm\geometric.hpp">
      <Filter>Headerdateien</Filter>
    </ClInclude>
    <ClInclude Include="libs\glm\glm.hpp">
      <Filter>Headerdateien</Filter>
    </ClInclude>
    <ClInclude Include="libs\glm\integer.hpp">
      <Filter>Headerdateien</Filter>
    </ClInclude>
    <ClInclude Include="libs\glm\mat2x2.hpp">
      <Filter>Headerdateien</Filter>
    </ClInclude>
    <ClInclude Include="libs\glm\mat2x3.hpp">
      <Filter>Headerdateien</Filter>
    </ClInclude>
    <ClInclude Include="libs\glm\mat2x4.hpp">
      <Filter>Headerdateien</Filter>
    </ClInclude>
    <ClInclude Include="libs\glm\mat3x2.hpp">
      <Filter>Headerdateien</Filter>
    </ClInclude>
    <ClInclude Include="libs\glm\mat3x3.hpp">
      <Filter>Headerdateien</Filter>
    </ClInclude>
    <ClInclude Include="libs\glm\mat3x4.hpp">
      <Filter>Headerdateien</Filter>
    </ClInclude>
    <ClInclude Include="libs\glm\mat4x2.hpp">
      <Filter>Headerdateien</Filter>
    </ClInclude>
    <ClInclude Include="libs\glm\mat4x3.hpp">
      <Filter>Headerdateien</Filter>
    </ClInclude>
    <ClInclude Include="libs\glm\mat4x4.hpp">
      <Filter>Headerdateien</Filter>
    </ClInclude>
    <ClInclude Include="libs\glm\matrix.hpp">
      <Filter>Headerdateien</Filter>
    </ClInclude>
    <ClInclude Include="libs\glm\packing.hpp">
      <Filter>Headerdateien</Filter>
    </ClInclude>
    <ClInclude Include="libs\glm\trigonometric.hpp">
      <Filter>Headerdateien</Filter>
    </ClInclude>
    <ClInclude Include="libs\glm\vec2.hpp">
      <Filter>Headerdateien</Filter>
    </ClInclude>
    <ClInclude Include="libs\glm\vec3.hpp">
      <Filter>Headerdateien</Filter>
    </ClInclude>
    <ClInclude Include="libs\glm\vec4.hpp">
      <Filter>Headerdateien</Filter>
    </ClInclude>
    <ClInclude Include="libs\glm\vector_relational.hpp">
      <Filter>Headerdateien</Filter>
    </ClInclude>
    <ClInclude Include="libs\imgui\imconfig.h">
      <Filter>Headerdateien</Filter>
    </ClInclude>
    <ClInclude Include="libs\imgui\imgui.h">
      <Filter>Headerdateien</Filter>
    </ClInclude>
    <ClInclude Include="libs\imgui\imgui_impl_opengl3.h">
      <Filter>Headerdateien</Filter>
    </ClInclude>
    <ClInclude Include="libs\imgui\imgui_internal.h">
      <Filter>Headerdateien</Filter>
    </ClInclude>
    <ClInclude Include="libs\imgui\imstb_rectpack.h">
      <Filter>Headerdateien</Filter>
    </ClInclude>
    <ClInclude Include="libs\imgui\imstb_textedit.h">
      <Filter>Headerdateien</Filter>
    </ClInclude>
    <ClInclude Include="libs\imgui\imstb_truetype.h">
      <Filter>Headerdateien</Filter>
    </ClInclude>
    <ClInclude Include="src\EC\Entity.hpp">
      <Filter>Headerdateien</Filter>
    </ClInclude>
    <ClInclude Include="src\EC\Component.hpp">
      <Filter>Headerdateien</Filter>
    </ClInclude>
    <ClInclude Include="src\EC\Transform.hpp">
      <Filter>Headerdateien</Filter>
    </ClInclude>
    <ClInclude Include="src\EC\Renderable.hpp">
      <Filter>Headerdateien</Filter>
    </ClInclude>
    <ClInclude Include="src\EC\Movement.hpp">
      <Filter>Headerdateien</Filter>
    </ClInclude>
    <ClInclude Include="src\EC\ColorComponent.hpp">
      <Filter>Headerdateien</Filter>
    </ClInclude>
    <ClInclude Include="src\EC\AvoidPredator.hpp">
      <Filter>Headerdateien</Filter>
    </ClInclude>
    <ClInclude Include="src\EC\Predator.hpp">
      <Filter>Headerdateien</Filter>
    </ClInclude>
  </ItemGroup>
  <ItemGroup>
    <None Include="libs\assimp\include\assimp\color4.inl">
      <Filter>Headerdateien</Filter>
    </None>
    <None Include="libs\assimp\include\assimp\material.inl">
      <Filter>Headerdateien</Filter>
    </None>
    <None Include="libs\assimp\include\assimp\matrix3x3.inl">
      <Filter>Headerdateien</Filter>
    </None>
    <None Include="libs\assimp\include\assimp\matrix4x4.inl">
      <Filter>Headerdateien</Filter>
    </None>
    <None Include="libs\assimp\include\assimp\quaternion.inl">
      <Filter>Headerdateien</Filter>
    </None>
    <None Include="libs\assimp\include\assimp\vector2.inl">
      <Filter>Headerdateien</Filter>
    </None>
    <None Include="libs\assimp\include\assimp\vector3.inl">
      <Filter>Headerdateien</Filter>
    </None>
    <None Include="libs\glm\detail\func_common.inl">
      <Filter>Headerdateien</Filter>
    </None>
    <None Include="libs\glm\detail\func_common_simd.inl">
      <Filter>Headerdateien</Filter>
    </None>
    <None Include="libs\glm\detail\func_exponential.inl">
      <Filter>Headerdateien</Filter>
    </None>
    <None Include="libs\glm\detail\func_exponential_simd.inl">
      <Filter>Headerdateien</Filter>
    </None>
    <None Include="libs\glm\detail\func_geometric.inl">
      <Filter>Headerdateien</Filter>
    </None>
    <None Include="libs\glm\detail\func_geometric_simd.inl">
      <Filter>Headerdateien</Filter>
    </None>
    <None Include="libs\glm\detail\func_integer.inl">
      <Filter>Headerdateien</Filter>
    </None>
    <None Include="libs\glm\detail\func_integer_simd.inl">
      <Filter>Headerdateien</Filter>
    </None>
    <None Include="libs\glm\detail\func_matrix.inl">
      <Filter>Headerdateien</Filter>
    </None>
    <None Include="libs\glm\detail\func_matrix_simd.inl">
      <Filter>Headerdateien</Filter>
    </None>
    <None Include="libs\glm\detail\func_packing.inl">
      <Filter>Headerdateien</Filter>
    </None>
    <None Include="libs\glm\detail\func_packing_simd.inl">
      <Filter>Headerdateien</Filter>
    </None>
    <None Include="libs\glm\detail\func_trigonometric.inl">
      <Filter>Headerdateien</Filter>
    </None>
    <None Include="libs\glm\detail\func_trigonometric_simd.inl">
      <Filter>Headerdateien</Filter>
    </None>
    <None Include="libs\glm\detail\func_vector_relational.inl">
      <Filter>Headerdateien</Filter>
    </None>
    <None Include="libs\glm\detail\func_vector_relational_simd.inl">
      <Filter>Headerdateien</Filter>
    </None>
    <None Include="libs\glm\detail\type_gentype.inl">
      <Filter>Headerdateien</Filter>
    </None>
    <None Include="libs\glm\detail\type_half.inl">
      <Filter>Headerdateien</Filter>
    </None>
    <None Include="libs\glm\detail\type_mat.inl">
      <Filter>Headerdateien</Filter>
    </None>
    <None Include="libs\glm\detail\type_mat2x2.inl">
      <Filter>Headerdateien</Filter>
    </None>
    <None Include="libs\glm\detail\type_mat2x3.inl">
      <Filter>Headerdateien</Filter>
    </None>
    <None Include="libs\glm\detail\type_mat2x4.inl">
      <Filter>Headerdateien</Filter>
    </None>
    <None Include="libs\glm\detail\type_mat3x2.inl">
      <Filter>Headerdateien</Filter>
    </None>
    <None Include="libs\glm\detail\type_mat3x3.inl">
      <Filter>Headerdateien</Filter>
    </None>
    <None Include="libs\glm\detail\type_mat3x4.inl">
      <Filter>Headerdateien</Filter>
    </None>
    <None Include="libs\glm\detail\type_mat4x2.inl">
      <Filter>Headerdateien</Filter>
    </None>
    <None Include="libs\glm\detail\type_mat4x3.inl">
      <Filter>Headerdateien</Filter>
    </None>
    <None Include="libs\glm\detail\type_mat4x4.inl">
      <Filter>Headerdateien</Filter>
    </None>
    <None Include="libs\glm\detail\type_mat4x4_simd.inl">
      <Filter>Headerdateien</Filter>
    </None>
    <None Include="libs\glm\detail\type_quat.inl">
      <Filter>Headerdateien</Filter>
    </None>
    <None Include="libs\glm\detail\type_quat_simd.inl">
      <Filter>Headerdateien</Filter>
    </None>
    <None Include="libs\glm\detail\type_vec.inl">
      <Filter>Headerdateien</Filter>
    </None>
    <None Include="libs\glm\detail\type_vec1.inl">
      <Filter>Headerdateien</Filter>
    </None>
    <None Include="libs\glm\detail\type_vec2.inl">
      <Filter>Headerdateien</Filter>
    </None>
    <None Include="libs\glm\detail\type_vec3.inl">
      <Filter>Headerdateien</Filter>
    </None>
    <None Include="libs\glm\detail\type_vec4.inl">
      <Filter>Headerdateien</Filter>
    </None>
    <None Include="libs\glm\detail\type_vec4_simd.inl">
      <Filter>Headerdateien</Filter>
    </None>
    <None Include="libs\glm\ext\matrix_clip_space.inl">
      <Filter>Headerdateien</Filter>
    </None>
    <None Include="libs\glm\ext\matrix_projection.inl">
      <Filter>Headerdateien</Filter>
    </None>
    <None Include="libs\glm\ext\matrix_relational.inl">
      <Filter>Headerdateien</Filter>
    </None>
    <None Include="libs\glm\ext\matrix_transform.inl">
      <Filter>Headerdateien</Filter>
    </None>
    <None Include="libs\glm\ext\quaternion_common.inl">
      <Filter>Headerdateien</Filter>
    </None>
    <None Include="libs\glm\ext\quaternion_common_simd.inl">
      <Filter>Headerdateien</Filter>
    </None>
    <None Include="libs\glm\ext\quaternion_exponential.inl">
      <Filter>Headerdateien</Filter>
    </None>
    <None Include="libs\glm\ext\quaternion_geometric.inl">
      <Filter>Headerdateien</Filter>
    </None>
    <None Include="libs\glm\ext\quaternion_relational.inl">
      <Filter>Headerdateien</Filter>
    </None>
    <None Include="libs\glm\ext\quaternion_transform.inl">
      <Filter>Headerdateien</Filter>
    </None>
    <None Include="libs\glm\ext\quaternion_trigonometric.inl">
      <Filter>Headerdateien</Filter>
    </None>
    <None Include="libs\glm\ext\scalar_common.inl">
      <Filter>Headerdateien</Filter>
    </None>
    <None Include="libs\glm\ext\scalar_constants.inl">
      <Filter>Headerdateien</Filter>
    </None>
    <None Include="libs\glm\ext\scalar_relational.inl">
      <Filter>Headerdateien</Filter>
    </None>
    <None Include="libs\glm\ext\scalar_ulp.inl">
      <Filter>Headerdateien</Filter>
    </None>
    <None Include="libs\glm\ext\vector_common.inl">
      <Filter>Headerdateien</Filter>
    </None>
    <None Include="libs\glm\ext\vector_relational.inl">
      <Filter>Headerdateien</Filter>
    </None>
    <None Include="libs\glm\ext\vector_ulp.inl">
      <Filter>Headerdateien</Filter>
    </None>
    <None Include="libs\glm\gtc\bitfield.inl">
      <Filter>Headerdateien</Filter>
    </None>
    <None Include="libs\glm\gtc\color_encoding.inl">
      <Filter>Headerdateien</Filter>
    </None>
    <None Include="libs\glm\gtc\color_space.inl">
      <Filter>Headerdateien</Filter>
    </None>
    <None Include="libs\glm\gtc\constants.inl">
      <Filter>Headerdateien</Filter>
    </None>
    <None Include="libs\glm\gtc\epsilon.inl">
      <Filter>Headerdateien</Filter>
    </None>
    <None Include="libs\glm\gtc\functions.inl">
      <Filter>Headerdateien</Filter>
    </None>
    <None Include="libs\glm\gtc\integer.inl">
      <Filter>Headerdateien</Filter>
    </None>
    <None Include="libs\glm\gtc\matrix_access.inl">
      <Filter>Headerdateien</Filter>
    </None>
    <None Include="libs\glm\gtc\matrix_inverse.inl">
      <Filter>Headerdateien</Filter>
    </None>
    <None Include="libs\glm\gtc\matrix_transform.inl">
      <Filter>Headerdateien</Filter>
    </None>
    <None Include="libs\glm\gtc\noise.inl">
      <Filter>Headerdateien</Filter>
    </None>
    <None Include="libs\glm\gtc\packing.inl">
      <Filter>Headerdateien</Filter>
    </None>
    <None Include="libs\glm\gtc\quaternion.inl">
      <Filter>Headerdateien</Filter>
    </None>
    <None Include="libs\glm\gtc\quaternion_simd.inl">
      <Filter>Headerdateien</Filter>
    </None>
    <None Include="libs\glm\gtc\random.inl">
      <Filter>Headerdateien</Filter>
    </None>
    <None Include="libs\glm\gtc\reciprocal.inl">
      <Filter>Headerdateien</Filter>
    </None>
    <None Include="libs\glm\gtc\round.inl">
      <Filter>Headerdateien</Filter>
    </None>
    <None Include="libs\glm\gtc\type_precision.inl">
      <Filter>Headerdateien</Filter>
    </None>
    <None Include="libs\glm\gtc\type_ptr.inl">
      <Filter>Headerdateien</Filter>
    </None>
    <None Include="libs\glm\gtc\ulp.inl">
      <Filter>Headerdateien</Filter>
    </None>
    <None Include="libs\glm\gtc\vec1.inl">
      <Filter>Headerdateien</Filter>
    </None>
    <None Include="libs\glm\gtx\associated_min_max.inl">
      <Filter>Headerdateien</Filter>
    </None>
    <None Include="libs\glm\gtx\bit.inl">
      <Filter>Headerdateien</Filter>
    </None>
    <None Include="libs\glm\gtx\closest_point.inl">
      <Filter>Headerdateien</Filter>
    </None>
    <None Include="libs\glm\gtx\color_encoding.inl">
      <Filter>Headerdateien</Filter>
    </None>
    <None Include="libs\glm\gtx\color_space.inl">
      <Filter>Headerdateien</Filter>
    </None>
    <None Include="libs\glm\gtx\color_space_YCoCg.inl">
      <Filter>Headerdateien</Filter>
    </None>
    <None Include="libs\glm\gtx\common.inl">
      <Filter>Headerdateien</Filter>
    </None>
    <None Include="libs\glm\gtx\compatibility.inl">
      <Filter>Headerdateien</Filter>
    </None>
    <None Include="libs\glm\gtx\component_wise.inl">
      <Filter>Headerdateien</Filter>
    </None>
    <None Include="libs\glm\gtx\dual_quaternion.inl">
      <Filter>Headerdateien</Filter>
    </None>
    <None Include="libs\glm\gtx\easing.inl">
      <Filter>Headerdateien</Filter>
    </None>
    <None Include="libs\glm\gtx\euler_angles.inl">
      <Filter>Headerdateien</Filter>
    </None>
    <None Include="libs\glm\gtx\extend.inl">
      <Filter>Headerdateien</Filter>
    </None>
    <None Include="libs\glm\gtx\extended_min_max.inl">
      <Filter>Headerdateien</Filter>
    </None>
    <None Include="libs\glm\gtx\exterior_product.inl">
      <Filter>Headerdateien</Filter>
    </None>
    <None Include="libs\glm\gtx\fast_exponential.inl">
      <Filter>Headerdateien</Filter>
    </None>
    <None Include="libs\glm\gtx\fast_square_root.inl">
      <Filter>Headerdateien</Filter>
    </None>
    <None Include="libs\glm\gtx\fast_trigonometry.inl">
      <Filter>Headerdateien</Filter>
    </None>
    <None Include="libs\glm\gtx\float_notmalize.inl">
      <Filter>Headerdateien</Filter>
    </None>
    <None Include="libs\glm\gtx\functions.inl">
      <Filter>Headerdateien</Filter>
    </None>
    <None Include="libs\glm\gtx\gradient_paint.inl">
      <Filter>Headerdateien</Filter>
    </None>
    <None Include="libs\glm\gtx\handed_coordinate_space.inl">
      <Filter>Headerdateien</Filter>
    </None>
    <None Include="libs\glm\gtx\hash.inl">
      <Filter>Headerdateien</Filter>
    </None>
    <None Include="libs\glm\gtx\integer.inl">
      <Filter>Headerdateien</Filter>
    </None>
    <None Include="libs\glm\gtx\intersect.inl">
      <Filter>Headerdateien</Filter>
    </None>
    <None Include="libs\glm\gtx\io.inl">
      <Filter>Headerdateien</Filter>
    </None>
    <None Include="libs\glm\gtx\log_base.inl">
      <Filter>Headerdateien</Filter>
    </None>
    <None Include="libs\glm\gtx\matrix_cross_product.inl">
      <Filter>Headerdateien</Filter>
    </None>
    <None Include="libs\glm\gtx\matrix_decompose.inl">
      <Filter>Headerdateien</Filter>
    </None>
    <None Include="libs\glm\gtx\matrix_factorisation.inl">
      <Filter>Headerdateien</Filter>
    </None>
    <None Include="libs\glm\gtx\matrix_interpolation.inl">
      <Filter>Headerdateien</Filter>
    </None>
    <None Include="libs\glm\gtx\matrix_major_storage.inl">
      <Filter>Headerdateien</Filter>
    </None>
    <None Include="libs\glm\gtx\matrix_operation.inl">
      <Filter>Headerdateien</Filter>
    </None>
    <None Include="libs\glm\gtx\matrix_query.inl">
      <Filter>Headerdateien</Filter>
    </None>
    <None Include="libs\glm\gtx\matrix_transform_2d.inl">
      <Filter>Headerdateien</Filter>
    </None>
    <None Include="libs\glm\gtx\mixed_product.inl">
      <Filter>Headerdateien</Filter>
    </None>
    <None Include="libs\glm\gtx\norm.inl">
      <Filter>Headerdateien</Filter>
    </None>
    <None Include="libs\glm\gtx\normal.inl">
      <Filter>Headerdateien</Filter>
    </None>
    <None Include="libs\glm\gtx\normalize_dot.inl">
      <Filter>Headerdateien</Filter>
    </None>
    <None Include="libs\glm\gtx\number_precision.inl">
      <Filter>Headerdateien</Filter>
    </None>
    <None Include="libs\glm\gtx\optimum_pow.inl">
      <Filter>Headerdateien</Filter>
    </None>
    <None Include="libs\glm\gtx\orthonormalize.inl">
      <Filter>Headerdateien</Filter>
    </None>
    <None Include="libs\glm\gtx\perpendicular.inl">
      <Filter>Headerdateien</Filter>
    </None>
    <None Include="libs\glm\gtx\polar_coordinates.inl">
      <Filter>Headerdateien</Filter>
    </None>
    <None Include="libs\glm\gtx\projection.inl">
      <Filter>Headerdateien</Filter>
    </None>
    <None Include="libs\glm\gtx\quaternion.inl">
      <Filter>Headerdateien</Filter>
    </None>
    <None Include="libs\glm\gtx\raw_data.inl">
      <Filter>Headerdateien</Filter>
    </None>
    <None Include="libs\glm\gtx\rotate_normalized_axis.inl">
      <Filter>Headerdateien</Filter>
    </None>
    <None Include="libs\glm\gtx\rotate_vector.inl">
      <Filter>Headerdateien</Filter>
    </None>
    <None Include="libs\glm\gtx\scalar_relational.inl">
      <Filter>Headerdateien</Filter>
    </None>
    <None Include="libs\glm\gtx\spline.inl">
      <Filter>Headerdateien</Filter>
    </None>
    <None Include="libs\glm\gtx\std_based_type.inl">
      <Filter>Headerdateien</Filter>
    </None>
    <None Include="libs\glm\gtx\string_cast.inl">
      <Filter>Headerdateien</Filter>
    </None>
    <None Include="libs\glm\gtx\texture.inl">
      <Filter>Headerdateien</Filter>
    </None>
    <None Include="libs\glm\gtx\transform.inl">
      <Filter>Headerdateien</Filter>
    </None>
    <None Include="libs\glm\gtx\transform2.inl">
      <Filter>Headerdateien</Filter>
    </None>
    <None Include="libs\glm\gtx\type_aligned.inl">
      <Filter>Headerdateien</Filter>
    </None>
    <None Include="libs\glm\gtx\type_trait.inl">
      <Filter>Headerdateien</Filter>
    </None>
    <None Include="libs\glm\gtx\vector_angle.inl">
      <Filter>Headerdateien</Filter>
    </None>
    <None Include="libs\glm\gtx\vector_query.inl">
      <Filter>Headerdateien</Filter>
    </None>
    <None Include="libs\glm\gtx\wrap.inl">
      <Filter>Headerdateien</Filter>
    </None>
  </ItemGroup>
</Project>